# This file is automatically @generated by Cargo.
# It is not intended for manual editing.
version = 4

[[package]]
name = "gpio"
version = "0.1.0"
dependencies = [
 "rust-pigpio",
]

[[package]]
name = "rust-pigpio"
version = "0.2.0"
source = "registry+https://github.com/rust-lang/crates.io-index"
checksum = "5e42cf7e4445497bbdcf7e8a6cdef2b51c51f95c2c8744c934d029a1719c77f8"
